
Microsoft Visual Studio Solution File, Format Version 12.00
# Visual Studio Version 17
VisualStudioVersion = 17.7.34003.232
MinimumVisualStudioVersion = 10.0.40219.1
Project("{9A19103F-16F7-4668-BE54-9A1E7A4F7556}") = "YoutrackReport", "YoutrackReport\YoutrackReport.csproj", "{D0A94F7B-9A9E-497C-A606-0BFBE538F62B}"
EndProject
Project("{2150E333-8FDC-42A3-9474-1A3956D46DE8}") = "Solution Items", "Solution Items", "{5D5DD5FA-D686-4AB6-95CC-8FA4917FDF42}"
	ProjectSection(SolutionItems) = preProject
		.editorconfig = .editorconfig
	EndProjectSection
EndProject
Global
	GlobalSection(SolutionConfigurationPlatforms) = preSolution
		Debug|Any CPU = Debug|Any CPU
		Release|Any CPU = Release|Any CPU
	EndGlobalSection
	GlobalSection(ProjectConfigurationPlatforms) = postSolution
		{D0A94F7B-9A9E-497C-A606-0BFBE538F62B}.Debug|Any CPU.ActiveCfg = Debug|Any CPU
		{D0A94F7B-9A9E-497C-A606-0BFBE538F62B}.Debug|Any CPU.Build.0 = Debug|Any CPU
		{D0A94F7B-9A9E-497C-A606-0BFBE538F62B}.Release|Any CPU.ActiveCfg = Release|Any CPU
		{D0A94F7B-9A9E-497C-A606-0BFBE538F62B}.Release|Any CPU.Build.0 = Release|Any CPU
	EndGlobalSection
	GlobalSection(SolutionProperties) = preSolution
		HideSolutionNode = FALSE
	EndGlobalSection
	GlobalSection(ExtensibilityGlobals) = postSolution
		SolutionGuid = {620BF7AA-71E8-4D91-B534-68C674D4E622}
	EndGlobalSection
EndGlobal
